<?xml version="1.0" encoding="utf-8"?>
<Project ToolsVersion="4.0" xmlns="http://schemas.microsoft.com/developer/msbuild/2003">
  <ItemGroup>
    <Filter Include="Source Files">
      <UniqueIdentifier>{4FC737F1-C7A5-4376-A066-2A32D752A2FF}</UniqueIdentifier>
      <Extensions>cpp;c;cc;cxx;def;odl;idl;hpj;bat;asm;asmx</Extensions>
    </Filter>
    <Filter Include="Header Files">
      <UniqueIdentifier>{93995380-89BD-4b04-88EB-625FBE52EBFB}</UniqueIdentifier>
      <Extensions>h;hpp;hxx;hm;inl;inc;xsd</Extensions>
    </Filter>
    <Filter Include="Resource Files">
      <UniqueIdentifier>{67DA6AB6-F800-4c08-8B7A-83BB121AAD01}</UniqueIdentifier>
      <Extensions>rc;ico;cur;bmp;dlg;rc2;rct;bin;rgs;gif;jpg;jpeg;jpe;resx;tiff;tif;png;wav</Extensions>
    </Filter>
  </ItemGroup>
  <ItemGroup>
    <ClCompile Include="DialogWnd.cpp">
      <Filter>Source Files</Filter>
    </ClCompile>
    <ClCompile Include="EditorBitmap.cpp">
      <Filter>Source Files</Filter>
    </ClCompile>
    <ClCompile Include="HTMLViewWnd.cpp">
      <Filter>Source Files</Filter>
    </ClCompile>
    <ClCompile Include="MenuWnd.cpp">
      <Filter>Source Files</Filter>
    </ClCompile>
    <ClCompile Include="JackDisassembly.cpp">
      <Filter>Source Files</Filter>
    </ClCompile>
    <ClCompile Include="JackDisassemblyWin.cpp">
      <Filter>Source Files</Filter>
    </ClCompile>
    <ClCompile Include="JackPEViewer.cpp">
      <Filter>Source Files</Filter>
    </ClCompile>
    <ClCompile Include="PEBinaryFile.cpp">
      <Filter>Source Files</Filter>
    </ClCompile>
    <ClCompile Include="PEViewer.cpp">
      <Filter>Source Files</Filter>
    </ClCompile>
    <ClCompile Include="PEViewerListView.cpp">
      <Filter>Source Files</Filter>
    </ClCompile>
    <ClCompile Include="PEViewerTree.cpp">
      <Filter>Source Files</Filter>
    </ClCompile>
    <ClCompile Include="ResourceWnd.cpp">
      <Filter>Source Files</Filter>
    </ClCompile>
    <ClCompile Include="stdafx.cpp">
      <Filter>Source Files</Filter>
    </ClCompile>
  </ItemGroup>
  <ItemGroup>
    <ClInclude Include="CommonStr.h">
      <Filter>Header Files</Filter>
    </ClInclude>
    <ClInclude Include="DialogWnd.h">
      <Filter>Header Files</Filter>
    </ClInclude>
    <ClInclude Include="EditorBitmap.h">
      <Filter>Header Files</Filter>
    </ClInclude>
    <ClInclude Include="MenuWnd.h">
      <Filter>Header Files</Filter>
    </ClInclude>
    <ClInclude Include="JackDisassembly.h">
      <Filter>Header Files</Filter>
    </ClInclude>
    <ClInclude Include="JackDisassemblyWin.h">
      <Filter>Header Files</Filter>
    </ClInclude>
    <ClInclude Include="JackHTMLView.h">
      <Filter>Header Files</Filter>
    </ClInclude>
    <ClInclude Include="JackPEViewer.h">
      <Filter>Header Files</Filter>
    </ClInclude>
    <ClInclude Include="PEBinaryFile.h">
      <Filter>Header Files</Filter>
    </ClInclude>
    <ClInclude Include="PEViewer.h">
      <Filter>Header Files</Filter>
    </ClInclude>
    <ClInclude Include="PEViewerListView.h">
      <Filter>Header Files</Filter>
    </ClInclude>
    <ClInclude Include="PEViewerTree.h">
      <Filter>Header Files</Filter>
    </ClInclude>
    <ClInclude Include="Resource.h">
      <Filter>Header Files</Filter>
    </ClInclude>
    <ClInclude Include="ResourceWnd.h">
      <Filter>Header Files</Filter>
    </ClInclude>
    <ClInclude Include="stdafx.h">
      <Filter>Header Files</Filter>
    </ClInclude>
    <ClInclude Include="targetver.h">
      <Filter>Header Files</Filter>
    </ClInclude>
  </ItemGroup>
  <ItemGroup>
    <Image Include="JackPEViewer.ico">
      <Filter>Resource Files</Filter>
    </Image>
    <Image Include="small.ico">
      <Filter>Resource Files</Filter>
    </Image>
  </ItemGroup>
  <ItemGroup>
    <ResourceCompile Include="JackPEViewer.rc">
      <Filter>Resource Files</Filter>
    </ResourceCompile>
  </ItemGroup>
  <ItemGroup>
    <Text Include="ReadMe.txt" />
  </ItemGroup>
</Project>